{
  "lockfileVersion": 2,
  "configVersion": 1,
  "workspaces": {
    "": {
      "devDependencies": {
        "opencode-ai": "^1.18.30",
      },
    },
  },
  "packages": {
    "opencode-ai": ["opencode-ai@1.18.30", "", { "optionalDependencies": { "opencode-darwin-arm64": "1.18.30", "opencode-darwin-x64": "1.18.30", "opencode-darwin-x64-baseline": "1.18.30", "opencode-linux-arm64": "1.18.30", "opencode-linux-arm64-musl": "1.18.30", "opencode-linux-x64": "1.18.30", "opencode-linux-x64-baseline": "1.18.30", "opencode-linux-x64-baseline-musl": "1.18.30", "opencode-linux-x64-musl": "1.18.30", "opencode-windows-arm64": "1.18.30", "opencode-windows-x64": "1.18.30", "opencode-windows-x64-baseline": "1.18.30" }, "os": [ "linux", "win32", "darwin", ], "cpu": [ "x64", "arm64", ], "bin": { "opencode": "bin/opencode.exe" } }, "sha512-oLcOLQE4XzDKy6T5L5d1RdVJvXHXwVlD4hRF5V317JbUQorrl2EyDdGZk5kbgv675J9FXp8usg92MZbEWhh6gQ=="],

    "opencode-darwin-arm64": ["opencode-darwin-arm64@1.18.30", "", { "os": "darwin", "cpu": "arm64" }, "sha512-KO4FJGZpgmSz+NNQ6PizynT5qAzVfoZI5HJLpyD0tYNqePPu87g2/UgVmNW663Bock2r75koLZFjR5waZiFiqw=="],

    "opencode-darwin-x64": ["opencode-darwin-x64@1.18.30", "", { "os": "darwin", "cpu": "x64" }, "sha512-VW9LBLU1Y8GQICT2gAIzL1syK8ac5/BFaSHB6vtVetQuwBE/NKZkAKq4VBVn/87cdkFA645AVnZrUy3SLqdkwA=="],

    "opencode-darwin-x64-baseline": ["opencode-darwin-x64-baseline@1.18.30", "", { "os": "darwin", "cpu": "x64" }, "sha512-DMQWRe9blvI+639fcwqG+JUxppTOVrPyasMF/uWhTi5N+5veXpB1K/wV15D8Lz7uqblH/CE7apxroaz/E7vudA=="],

    "opencode-linux-arm64": ["opencode-linux-arm64@1.18.30", "", { "os": "linux", "cpu": "arm64" }, "sha512-KU2VO9oGRhV3M9LCYJXeBBtadIIgJYf620KMHFeghrGL0967Zz7PAcMBFZqTy7gUqNEnMaqOqAkSGx57BIw41Q=="],

    "opencode-linux-arm64-musl": ["opencode-linux-arm64-musl@1.18.30", "", { "os": "linux", "cpu": "arm64" }, "sha512-IQedvhqaisv886gwk3bR603fPTErdExQa0z3hmqi7waIeuSsQG9B+suhg6iaD74lmxMbYMRlPlg4kIioytiHGg=="],

    "opencode-linux-x64": ["opencode-linux-x64@1.18.30", "", { "os": "linux", "cpu": "x64" }, "sha512-qiJz71TAZjV24Lo0mh3HgHMAZSrAPLEn7ld6H540ub0hLc0XA2Pa2YhZxjn1K845azojLv8Ek+zpK6384VbU/w=="],

    "opencode-linux-x64-baseline": ["opencode-linux-x64-baseline@1.18.30", "", { "os": "linux", "cpu": "x64" }, "sha512-//sHZuMaNZXo6fzBtgUI5vf1oXiMX9Un2a2R3AUzajRahuW42+98wg9J33uuICblE3RS6G4HxobrvnWA8mr4VA=="],

    "opencode-linux-x64-baseline-musl": ["opencode-linux-x64-baseline-musl@1.18.30", "", { "os": "linux", "cpu": "x64" }, "sha512-8VAJb4VnNP6MbqWHMDMUwJ5k47tb5SPDqM0lcsCgfbeGjDy7rgFtlA8PYSgUgA9VTByBWmpfERR/34VVOHe82g=="],

    "opencode-linux-x64-musl": ["opencode-linux-x64-musl@1.18.30", "", { "os": "linux", "cpu": "x64" }, "sha512-7LeMsIfPu1/sEVAUCXRCAk1htCKdRKmrPR5lQvG9NCkxoerpQE6m89eJTRqDQrYWUcHWtVmqo0fwdHdR4MnYcA=="],

    "opencode-windows-arm64": ["opencode-windows-arm64@1.18.30", "", { "os": "win32", "cpu": "arm64" }, "sha512-NLnAzRNqv+6ebLeK5DBGRcN6Fk3PM4STXyrp+IuI8w2WNLJ6JbIk7xxTfbMsrO+CBEV88DCurFOKHB4dpDBaYQ=="],

    "opencode-windows-x64": ["opencode-windows-x64@1.18.30", "", { "os": "win32", "cpu": "x64" }, "sha512-E00yRyUDQvdmf8AYQNYDYgZuLkWW0mBqBrACHPwfCCBZdyC8Sa4nUtQq27nAIOPAp2jfyrpH3WJBxT2GVpT42w=="],

    "opencode-windows-x64-baseline": ["opencode-windows-x64-baseline@1.18.30", "", { "os": "win32", "cpu": "x64" }, "sha512-BaqwQxA2TWBUNKsmrDoTF1gg3x6lbt7vA4WluRNuT6GuuJJhQ+lJzOTk2G9tqp4bMybR31p5zXAmPf9JwHP2GA=="],
  }
}
